
Microsoft Visual Studio Solution File, Format Version 12.00
# Visual Studio 15
Project("{FAE04EC0-301F-11D3-BF4B-00C04F79EFBC}") = "HowToMakeAVideoGame2", "HowToMakeAVideoGame2.csproj", "{787FEAFE-587B-7FD2-2A2F-048FADB9B954}"
EndProject
Global
	GlobalSection(SolutionConfigurationPlatforms) = preSolution
		Debug|Any CPU = Debug|Any CPU
		Release|Any CPU = Release|Any CPU
	EndGlobalSection
	GlobalSection(ProjectConfigurationPlatforms) = postSolution
		{787FEAFE-587B-7FD2-2A2F-048FADB9B954}.Debug|Any CPU.ActiveCfg = Debug|Any CPU
		{787FEAFE-587B-7FD2-2A2F-048FADB9B954}.Debug|Any CPU.Build.0 = Debug|Any CPU
		{787FEAFE-587B-7FD2-2A2F-048FADB9B954}.Release|Any CPU.ActiveCfg = Release|Any CPU
		{787FEAFE-587B-7FD2-2A2F-048FADB9B954}.Release|Any CPU.Build.0 = Release|Any CPU
	EndGlobalSection
	GlobalSection(SolutionProperties) = preSolution
		HideSolutionNode = FALSE
	EndGlobalSection
EndGlobal
